{
  "nodes": {
    "home-manager": {
      "inputs": {
        "nixpkgs": [
          "nixpkgs"
        ]
      },
      "locked": {
        "lastModified": 1690476848,
        "narHash": "sha256-PSmzyuEbMxEn2uwwLYUN2l1psoJXb7jm/kfHD12Sq0k=",
        "owner": "nix-community",
        "repo": "home-manager",
        "rev": "8d243f7da13d6ee32f722a3f1afeced150b6d4da",
        "type": "github"
      },
      "original": {
        "owner": "nix-community",
        "ref": "master",
        "repo": "home-manager",
        "type": "github"
      }
    },
    "home-manager_2": {
      "inputs": {
        "nixpkgs": [
          "trunk",
          "nixpkgs"
        ]
      },
      "locked": {
        "lastModified": 1690084763,
        "narHash": "sha256-Nw680m/pyVoosSgXZW415Z657mfVM2BxaxDPjEk48Z0=",
        "owner": "nix-community",
        "repo": "home-manager",
        "rev": "fb03fa5516d4e86059d24ab35a611ffa3a359547",
        "type": "github"
      },
      "original": {
        "owner": "nix-community",
        "ref": "master",
        "repo": "home-manager",
        "type": "github"
      }
    },
    "nixpkgs": {
      "locked": {
        "lastModified": 1690272529,
        "narHash": "sha256-MakzcKXEdv/I4qJUtq/k/eG+rVmyOZLnYNC2w1mB59Y=",
        "owner": "NixOS",
        "repo": "nixpkgs",
        "rev": "ef99fa5c5ed624460217c31ac4271cfb5cb2502c",
        "type": "github"
      },
      "original": {
        "id": "nixpkgs",
        "ref": "nixos-unstable",
        "type": "indirect"
      }
    },
    "root": {
      "inputs": {
        "home-manager": "home-manager",
        "nixpkgs": "nixpkgs",
        "trunk": "trunk"
      }
    },
    "trunk": {
      "inputs": {
        "home-manager": "home-manager_2",
        "nixpkgs": [
          "nixpkgs"
        ]
      },
      "locked": {
        "lastModified": 0,
        "narHash": "sha256-eqhjYuAefEv5EJuhImyOWxSxEVU8Z4cOynyCIPofbFc=",
        "path": "../",
        "type": "path"
      },
      "original": {
        "path": "../",
        "type": "path"
      }
    }
  },
  "root": "root",
  "version": 7
}
